
Microsoft Visual Studio Solution File, Format Version 12.00
Project("{FAE04EC0-301F-11D3-BF4B-00C04F79EFBC}") = "Day01", "Day01\Day01.csproj", "{8C4CE35A-6CDE-4B4B-ABAA-6EF8E1495973}"
EndProject
Project("{FAE04EC0-301F-11D3-BF4B-00C04F79EFBC}") = "Input", "Input\Input.csproj", "{ED5DA069-0899-4C10-8276-C1EB1CEB2838}"
EndProject
Project("{FAE04EC0-301F-11D3-BF4B-00C04F79EFBC}") = "Day02", "Day02\Day02.csproj", "{76D1F519-2722-479D-84E6-FD45A08681F6}"
EndProject
Project("{FAE04EC0-301F-11D3-BF4B-00C04F79EFBC}") = "Day03", "Day03\Day03.csproj", "{E9C21E78-3387-435B-8DDB-09C6D47DFBEC}"
EndProject
Project("{FAE04EC0-301F-11D3-BF4B-00C04F79EFBC}") = "Day04", "Day04\Day04.csproj", "{04B172EC-FA4E-44F2-9FD3-0F75A0DCF468}"
EndProject
Project("{FAE04EC0-301F-11D3-BF4B-00C04F79EFBC}") = "Day05", "Day05\Day05.csproj", "{03725A77-2A05-4899-BECA-B01206CBDD53}"
EndProject
Project("{FAE04EC0-301F-11D3-BF4B-00C04F79EFBC}") = "Day06", "Day06\Day06.csproj", "{3C5EB318-6833-46CC-9BFB-1C09A9FC8B71}"
EndProject
Global
	GlobalSection(SolutionConfigurationPlatforms) = preSolution
		Debug|Any CPU = Debug|Any CPU
		Release|Any CPU = Release|Any CPU
	EndGlobalSection
	GlobalSection(ProjectConfigurationPlatforms) = postSolution
		{8C4CE35A-6CDE-4B4B-ABAA-6EF8E1495973}.Debug|Any CPU.ActiveCfg = Debug|Any CPU
		{8C4CE35A-6CDE-4B4B-ABAA-6EF8E1495973}.Debug|Any CPU.Build.0 = Debug|Any CPU
		{8C4CE35A-6CDE-4B4B-ABAA-6EF8E1495973}.Release|Any CPU.ActiveCfg = Release|Any CPU
		{8C4CE35A-6CDE-4B4B-ABAA-6EF8E1495973}.Release|Any CPU.Build.0 = Release|Any CPU
		{ED5DA069-0899-4C10-8276-C1EB1CEB2838}.Debug|Any CPU.ActiveCfg = Debug|Any CPU
		{ED5DA069-0899-4C10-8276-C1EB1CEB2838}.Debug|Any CPU.Build.0 = Debug|Any CPU
		{ED5DA069-0899-4C10-8276-C1EB1CEB2838}.Release|Any CPU.ActiveCfg = Release|Any CPU
		{ED5DA069-0899-4C10-8276-C1EB1CEB2838}.Release|Any CPU.Build.0 = Release|Any CPU
		{76D1F519-2722-479D-84E6-FD45A08681F6}.Debug|Any CPU.ActiveCfg = Debug|Any CPU
		{76D1F519-2722-479D-84E6-FD45A08681F6}.Debug|Any CPU.Build.0 = Debug|Any CPU
		{76D1F519-2722-479D-84E6-FD45A08681F6}.Release|Any CPU.ActiveCfg = Release|Any CPU
		{76D1F519-2722-479D-84E6-FD45A08681F6}.Release|Any CPU.Build.0 = Release|Any CPU
		{E9C21E78-3387-435B-8DDB-09C6D47DFBEC}.Debug|Any CPU.ActiveCfg = Debug|Any CPU
		{E9C21E78-3387-435B-8DDB-09C6D47DFBEC}.Debug|Any CPU.Build.0 = Debug|Any CPU
		{E9C21E78-3387-435B-8DDB-09C6D47DFBEC}.Release|Any CPU.ActiveCfg = Release|Any CPU
		{E9C21E78-3387-435B-8DDB-09C6D47DFBEC}.Release|Any CPU.Build.0 = Release|Any CPU
		{04B172EC-FA4E-44F2-9FD3-0F75A0DCF468}.Debug|Any CPU.ActiveCfg = Debug|Any CPU
		{04B172EC-FA4E-44F2-9FD3-0F75A0DCF468}.Debug|Any CPU.Build.0 = Debug|Any CPU
		{04B172EC-FA4E-44F2-9FD3-0F75A0DCF468}.Release|Any CPU.ActiveCfg = Release|Any CPU
		{04B172EC-FA4E-44F2-9FD3-0F75A0DCF468}.Release|Any CPU.Build.0 = Release|Any CPU
		{03725A77-2A05-4899-BECA-B01206CBDD53}.Debug|Any CPU.ActiveCfg = Debug|Any CPU
		{03725A77-2A05-4899-BECA-B01206CBDD53}.Debug|Any CPU.Build.0 = Debug|Any CPU
		{03725A77-2A05-4899-BECA-B01206CBDD53}.Release|Any CPU.ActiveCfg = Release|Any CPU
		{03725A77-2A05-4899-BECA-B01206CBDD53}.Release|Any CPU.Build.0 = Release|Any CPU
		{3C5EB318-6833-46CC-9BFB-1C09A9FC8B71}.Debug|Any CPU.ActiveCfg = Debug|Any CPU
		{3C5EB318-6833-46CC-9BFB-1C09A9FC8B71}.Debug|Any CPU.Build.0 = Debug|Any CPU
		{3C5EB318-6833-46CC-9BFB-1C09A9FC8B71}.Release|Any CPU.ActiveCfg = Release|Any CPU
		{3C5EB318-6833-46CC-9BFB-1C09A9FC8B71}.Release|Any CPU.Build.0 = Release|Any CPU
	EndGlobalSection
EndGlobal
